{
    "requires": true,
    "lockfileVersion": 1,
    "dependencies": {
        "bootstrap-submenu": {
            "version": "3.0.1",
            "resolved": "https://registry.npmjs.org/bootstrap-submenu/-/bootstrap-submenu-3.0.1.tgz",
            "integrity": "sha512-n7uXhiTuCptXMaSyTh5mki6jmVeA/WDE0EKRb+YZyxrMrVI/oEz9wlMmRGGJ2+mtFr4FYoEPvPOf5v75VZ/1Bg=="
        }
    }
}
